PODS:
  - Boilerplate (0.2.4):
    - Result (~> 2.0)
  - CrossroadRegex (0.8.0):
    - Boilerplate (~> 0.2)
  - Result (2.1.3)
  - TesseractOCRiOS (4.0.0)

DEPENDENCIES:
  - CrossroadRegex
  - TesseractOCRiOS (= 4.0.0)

SPEC CHECKSUMS:
  Boilerplate: cc76b26f60747f7b75f43b8ac38d2071cfb0e75a
  CrossroadRegex: f1ab8cb19a65c1db9a2ed809e8f71b49a40aa8cb
  Result: 18e1a7597fbcca5923c565b40a25a98afafdee02
  TesseractOCRiOS: 90638afbe43d082433f2e76b384c7901d23956df

COCOAPODS: 0.39.0
