// !$*UTF8*$!
{
	archiveVersion = 1;
	classes = {
	};
	objectVersion = 46;
	objects = {

/* Begin PBXBuildFile section */
		87198AD41D7DD7B500128C49 /* PassportInfo.swift in Sources */ = {isa = PBXBuildFile; fileRef = 87198AD31D7DD7B500128C49 /* PassportInfo.swift */; };
		87257A3C1D7E4E2E006B41A5 /* NSTextCheckingResultExtension.swift in Sources */ = {isa = PBXBuildFile; fileRef = 87257A3B1D7E4E2E006B41A5 /* NSTextCheckingResultExtension.swift */; };
		8778AF4B1D7AA86600340C8B /* AppDelegate.swift in Sources */ = {isa = PBXBuildFile; fileRef = 8778AF4A1D7AA86600340C8B /* AppDelegate.swift */; };
		8778AF501D7AA86600340C8B /* Main.storyboard in Resources */ = {isa = PBXBuildFile; fileRef = 8778AF4E1D7AA86600340C8B /* Main.storyboard */; };
		8778AF521D7AA86600340C8B /* Assets.xcassets in Resources */ = {isa = PBXBuildFile; fileRef = 8778AF511D7AA86600340C8B /* Assets.xcassets */; };
		8778AF551D7AA86600340C8B /* LaunchScreen.storyboard in Resources */ = {isa = PBXBuildFile; fileRef = 8778AF531D7AA86600340C8B /* LaunchScreen.storyboard */; };
		8778AF5D1D7AAA1200340C8B /* TakePhotoViewController.swift in Sources */ = {isa = PBXBuildFile; fileRef = 8778AF5C1D7AAA1200340C8B /* TakePhotoViewController.swift */; };
		8778AF601D7AAE2A00340C8B /* CameraOverlayViewController.swift in Sources */ = {isa = PBXBuildFile; fileRef = 8778AF5E1D7AAE2A00340C8B /* CameraOverlayViewController.swift */; };
		8778AF611D7AAE2A00340C8B /* CameraOverlayViewController.xib in Resources */ = {isa = PBXBuildFile; fileRef = 8778AF5F1D7AAE2A00340C8B /* CameraOverlayViewController.xib */; };
		8778AF631D7AAE5700340C8B /* OverlayView.swift in Sources */ = {isa = PBXBuildFile; fileRef = 8778AF621D7AAE5700340C8B /* OverlayView.swift */; };
		8778AF651D7AB81700340C8B /* Constants.swift in Sources */ = {isa = PBXBuildFile; fileRef = 8778AF641D7AB81700340C8B /* Constants.swift */; };
		8795AC951D7CB4D500B66C38 /* tessdata in Resources */ = {isa = PBXBuildFile; fileRef = 8795AC941D7CB4D500B66C38 /* tessdata */; };
		87EEF4D21D7EDB2E008FADA0 /* NSDateExtension.swift in Sources */ = {isa = PBXBuildFile; fileRef = 87EEF4D11D7EDB2E008FADA0 /* NSDateExtension.swift */; };
		87EEF4D41D7EF116008FADA0 /* StringExtension.swift in Sources */ = {isa = PBXBuildFile; fileRef = 87EEF4D31D7EF116008FADA0 /* StringExtension.swift */; };
		87EEF4DE1D7F01F5008FADA0 /* PassportOCRTests.swift in Sources */ = {isa = PBXBuildFile; fileRef = 87EEF4DD1D7F01F5008FADA0 /* PassportOCRTests.swift */; };
		87EEF4E61D7F07F5008FADA0 /* passportPattern.txt in Resources */ = {isa = PBXBuildFile; fileRef = 87EEF4E51D7F07F5008FADA0 /* passportPattern.txt */; };
		A31126964C268083B49DF347 /* Pods_PassportOCR.framework in Frameworks */ = {isa = PBXBuildFile; fileRef = C1AC97CE9F93220D578CF633 /* Pods_PassportOCR.framework */; };
/* End PBXBuildFile section */

/* Begin PBXContainerItemProxy section */
		87EEF4E01D7F01F5008FADA0 /* PBXContainerItemProxy */ = {
			isa = PBXContainerItemProxy;
			containerPortal = 8778AF3F1D7AA86600340C8B /* Project object */;
			proxyType = 1;
			remoteGlobalIDString = 8778AF461D7AA86600340C8B;
			remoteInfo = PassportOCR;
		};
/* End PBXContainerItemProxy section */

/* Begin PBXFileReference section */
		0AFDA4C64AF71248D9E83E40 /* Pods-PassportOCR.debug.xcconfig */ = {isa = PBXFileReference; includeInIndex = 1; lastKnownFileType = text.xcconfig; name = "Pods-PassportOCR.debug.xcconfig"; path = "Pods/Target Support Files/Pods-PassportOCR/Pods-PassportOCR.debug.xcconfig"; sourceTree = "<group>"; };
		5891AE423ACAE5B8458535CE /* Pods-PassportOCR.release.xcconfig */ = {isa = PBXFileReference; includeInIndex = 1; lastKnownFileType = text.xcconfig; name = "Pods-PassportOCR.release.xcconfig"; path = "Pods/Target Support Files/Pods-PassportOCR/Pods-PassportOCR.release.xcconfig"; sourceTree = "<group>"; };
		87198AD31D7DD7B500128C49 /* PassportInfo.swift */ = {isa = PBXFileReference; fileEncoding = 4; lastKnownFileType = sourcecode.swift; path = PassportInfo.swift; sourceTree = "<group>"; };
		87257A3B1D7E4E2E006B41A5 /* NSTextCheckingResultExtension.swift */ = {isa = PBXFileReference; fileEncoding = 4; lastKnownFileType = sourcecode.swift; path = NSTextCheckingResultExtension.swift; sourceTree = "<group>"; };
		8778AF471D7AA86600340C8B /* PassportOCR.app */ = {isa = PBXFileReference; explicitFileType = wrapper.application; includeInIndex = 0; path = PassportOCR.app; sourceTree = BUILT_PRODUCTS_DIR; };
		8778AF4A1D7AA86600340C8B /* AppDelegate.swift */ = {isa = PBXFileReference; lastKnownFileType = sourcecode.swift; path = AppDelegate.swift; sourceTree = "<group>"; };
		8778AF4F1D7AA86600340C8B /* Base */ = {isa = PBXFileReference; lastKnownFileType = file.storyboard; name = Base; path = Base.lproj/Main.storyboard; sourceTree = "<group>"; };
		8778AF511D7AA86600340C8B /* Assets.xcassets */ = {isa = PBXFileReference; lastKnownFileType = folder.assetcatalog; path = Assets.xcassets; sourceTree = "<group>"; };
		8778AF541D7AA86600340C8B /* Base */ = {isa = PBXFileReference; lastKnownFileType = file.storyboard; name = Base; path = Base.lproj/LaunchScreen.storyboard; sourceTree = "<group>"; };
		8778AF561D7AA86600340C8B /* Info.plist */ = {isa = PBXFileReference; lastKnownFileType = text.plist.xml; path = Info.plist; sourceTree = "<group>"; };
		8778AF5C1D7AAA1200340C8B /* TakePhotoViewController.swift */ = {isa = PBXFileReference; fileEncoding = 4; lastKnownFileType = sourcecode.swift; path = TakePhotoViewController.swift; sourceTree = "<group>"; };
		8778AF5E1D7AAE2A00340C8B /* CameraOverlayViewController.swift */ = {isa = PBXFileReference; fileEncoding = 4; lastKnownFileType = sourcecode.swift; path = CameraOverlayViewController.swift; sourceTree = "<group>"; };
		8778AF5F1D7AAE2A00340C8B /* CameraOverlayViewController.xib */ = {isa = PBXFileReference; fileEncoding = 4; lastKnownFileType = file.xib; path = CameraOverlayViewController.xib; sourceTree = "<group>"; };
		8778AF621D7AAE5700340C8B /* OverlayView.swift */ = {isa = PBXFileReference; fileEncoding = 4; lastKnownFileType = sourcecode.swift; path = OverlayView.swift; sourceTree = "<group>"; };
		8778AF641D7AB81700340C8B /* Constants.swift */ = {isa = PBXFileReference; fileEncoding = 4; lastKnownFileType = sourcecode.swift; path = Constants.swift; sourceTree = "<group>"; };
		8795AC941D7CB4D500B66C38 /* tessdata */ = {isa = PBXFileReference; lastKnownFileType = folder; path = tessdata; sourceTree = "<group>"; };
		87EEF4D11D7EDB2E008FADA0 /* NSDateExtension.swift */ = {isa = PBXFileReference; fileEncoding = 4; lastKnownFileType = sourcecode.swift; path = NSDateExtension.swift; sourceTree = "<group>"; };
		87EEF4D31D7EF116008FADA0 /* StringExtension.swift */ = {isa = PBXFileReference; fileEncoding = 4; lastKnownFileType = sourcecode.swift; path = StringExtension.swift; sourceTree = "<group>"; };
		87EEF4DB1D7F01F5008FADA0 /* PassportOCRTests.xctest */ = {isa = PBXFileReference; explicitFileType = wrapper.cfbundle; includeInIndex = 0; path = PassportOCRTests.xctest; sourceTree = BUILT_PRODUCTS_DIR; };
		87EEF4DD1D7F01F5008FADA0 /* PassportOCRTests.swift */ = {isa = PBXFileReference; lastKnownFileType = sourcecode.swift; path = PassportOCRTests.swift; sourceTree = "<group>"; };
		87EEF4DF1D7F01F5008FADA0 /* Info.plist */ = {isa = PBXFileReference; lastKnownFileType = text.plist.xml; path = Info.plist; sourceTree = "<group>"; };
		87EEF4E51D7F07F5008FADA0 /* passportPattern.txt */ = {isa = PBXFileReference; fileEncoding = 4; lastKnownFileType = text; path = passportPattern.txt; sourceTree = "<group>"; };
		C1AC97CE9F93220D578CF633 /* Pods_PassportOCR.framework */ = {isa = PBXFileReference; explicitFileType = wrapper.framework; includeInIndex = 0; path = Pods_PassportOCR.framework; sourceTree = BUILT_PRODUCTS_DIR; };
/* End PBXFileReference section */

/* Begin PBXFrameworksBuildPhase section */
		8778AF441D7AA86600340C8B /* Frameworks */ = {
			isa = PBXFrameworksBuildPhase;
			buildActionMask = 2147483647;
			files = (
				A31126964C268083B49DF347 /* Pods_PassportOCR.framework in Frameworks */,
			);
			runOnlyForDeploymentPostprocessing = 0;
		};
		87EEF4D81D7F01F5008FADA0 /* Frameworks */ = {
			isa = PBXFrameworksBuildPhase;
			buildActionMask = 2147483647;
			files = (
			);
			runOnlyForDeploymentPostprocessing = 0;
		};
/* End PBXFrameworksBuildPhase section */

/* Begin PBXGroup section */
		2FBD9BC97ED81EB5B02610CD /* Frameworks */ = {
			isa = PBXGroup;
			children = (
				C1AC97CE9F93220D578CF633 /* Pods_PassportOCR.framework */,
			);
			name = Frameworks;
			sourceTree = "<group>";
		};
		87257A371D7E4812006B41A5 /* Helper */ = {
			isa = PBXGroup;
			children = (
				8778AF641D7AB81700340C8B /* Constants.swift */,
				87EEF4E51D7F07F5008FADA0 /* passportPattern.txt */,
				8778AF561D7AA86600340C8B /* Info.plist */,
				8778AF4A1D7AA86600340C8B /* AppDelegate.swift */,
				8778AF511D7AA86600340C8B /* Assets.xcassets */,
				8795AC941D7CB4D500B66C38 /* tessdata */,
			);
			name = Helper;
			sourceTree = "<group>";
		};
		87257A3A1D7E4E1D006B41A5 /* Extensions */ = {
			isa = PBXGroup;
			children = (
				87257A3B1D7E4E2E006B41A5 /* NSTextCheckingResultExtension.swift */,
				87EEF4D11D7EDB2E008FADA0 /* NSDateExtension.swift */,
				87EEF4D31D7EF116008FADA0 /* StringExtension.swift */,
			);
			path = Extensions;
			sourceTree = "<group>";
		};
		874ACE051D805EEB00B3EB50 /* Models */ = {
			isa = PBXGroup;
			children = (
				87198AD31D7DD7B500128C49 /* PassportInfo.swift */,
			);
			name = Models;
			sourceTree = "<group>";
		};
		874ACE061D805EF900B3EB50 /* Controllers */ = {
			isa = PBXGroup;
			children = (
				8778AF5C1D7AAA1200340C8B /* TakePhotoViewController.swift */,
				8778AF5E1D7AAE2A00340C8B /* CameraOverlayViewController.swift */,
				8778AF621D7AAE5700340C8B /* OverlayView.swift */,
			);
			name = Controllers;
			sourceTree = "<group>";
		};
		874ACE071D805F0100B3EB50 /* Views */ = {
			isa = PBXGroup;
			children = (
				8778AF4E1D7AA86600340C8B /* Main.storyboard */,
				8778AF5F1D7AAE2A00340C8B /* CameraOverlayViewController.xib */,
				8778AF531D7AA86600340C8B /* LaunchScreen.storyboard */,
			);
			name = Views;
			sourceTree = "<group>";
		};
		8778AF3E1D7AA86600340C8B = {
			isa = PBXGroup;
			children = (
				8778AF491D7AA86600340C8B /* PassportOCR */,
				87EEF4DC1D7F01F5008FADA0 /* PassportOCRTests */,
				8778AF481D7AA86600340C8B /* Products */,
				B245B3B733B7CF764FBF1C13 /* Pods */,
				2FBD9BC97ED81EB5B02610CD /* Frameworks */,
			);
			sourceTree = "<group>";
		};
		8778AF481D7AA86600340C8B /* Products */ = {
			isa = PBXGroup;
			children = (
				8778AF471D7AA86600340C8B /* PassportOCR.app */,
				87EEF4DB1D7F01F5008FADA0 /* PassportOCRTests.xctest */,
			);
			name = Products;
			sourceTree = "<group>";
		};
		8778AF491D7AA86600340C8B /* PassportOCR */ = {
			isa = PBXGroup;
			children = (
				874ACE071D805F0100B3EB50 /* Views */,
				874ACE061D805EF900B3EB50 /* Controllers */,
				874ACE051D805EEB00B3EB50 /* Models */,
				87257A3A1D7E4E1D006B41A5 /* Extensions */,
				87257A371D7E4812006B41A5 /* Helper */,
			);
			path = PassportOCR;
			sourceTree = "<group>";
		};
		87EEF4DC1D7F01F5008FADA0 /* PassportOCRTests */ = {
			isa = PBXGroup;
			children = (
				87EEF4DD1D7F01F5008FADA0 /* PassportOCRTests.swift */,
				87EEF4DF1D7F01F5008FADA0 /* Info.plist */,
			);
			path = PassportOCRTests;
			sourceTree = "<group>";
		};
		B245B3B733B7CF764FBF1C13 /* Pods */ = {
			isa = PBXGroup;
			children = (
				0AFDA4C64AF71248D9E83E40 /* Pods-PassportOCR.debug.xcconfig */,
				5891AE423ACAE5B8458535CE /* Pods-PassportOCR.release.xcconfig */,
			);
			name = Pods;
			sourceTree = "<group>";
		};
/* End PBXGroup section */

/* Begin PBXNativeTarget section */
		8778AF461D7AA86600340C8B /* PassportOCR */ = {
			isa = PBXNativeTarget;
			buildConfigurationList = 8778AF591D7AA86600340C8B /* Build configuration list for PBXNativeTarget "PassportOCR" */;
			buildPhases = (
				84E9CE780A7DF5BBE03601C6 /* Check Pods Manifest.lock */,
				8778AF431D7AA86600340C8B /* Sources */,
				8778AF441D7AA86600340C8B /* Frameworks */,
				8778AF451D7AA86600340C8B /* Resources */,
				3262C0B7ABCE3BE1EEC034DB /* Embed Pods Frameworks */,
				DEE33B134F2BD4D2E40A4484 /* Copy Pods Resources */,
			);
			buildRules = (
			);
			dependencies = (
			);
			name = PassportOCR;
			productName = PassportOCR;
			productReference = 8778AF471D7AA86600340C8B /* PassportOCR.app */;
			productType = "com.apple.product-type.application";
		};
		87EEF4DA1D7F01F5008FADA0 /* PassportOCRTests */ = {
			isa = PBXNativeTarget;
			buildConfigurationList = 87EEF4E21D7F01F5008FADA0 /* Build configuration list for PBXNativeTarget "PassportOCRTests" */;
			buildPhases = (
				87EEF4D71D7F01F5008FADA0 /* Sources */,
				87EEF4D81D7F01F5008FADA0 /* Frameworks */,
				87EEF4D91D7F01F5008FADA0 /* Resources */,
			);
			buildRules = (
			);
			dependencies = (
				87EEF4E11D7F01F5008FADA0 /* PBXTargetDependency */,
			);
			name = PassportOCRTests;
			productName = PassportOCRTests;
			productReference = 87EEF4DB1D7F01F5008FADA0 /* PassportOCRTests.xctest */;
			productType = "com.apple.product-type.bundle.unit-test";
		};
/* End PBXNativeTarget section */

/* Begin PBXProject section */
		8778AF3F1D7AA86600340C8B /* Project object */ = {
			isa = PBXProject;
			attributes = {
				LastSwiftUpdateCheck = 0730;
				LastUpgradeCheck = 0730;
				ORGANIZATIONNAME = empatika;
				TargetAttributes = {
					8778AF461D7AA86600340C8B = {
						CreatedOnToolsVersion = 7.3.1;
						DevelopmentTeam = FECH3P2YXH;
					};
					87EEF4DA1D7F01F5008FADA0 = {
						CreatedOnToolsVersion = 7.3.1;
						TestTargetID = 8778AF461D7AA86600340C8B;
					};
				};
			};
			buildConfigurationList = 8778AF421D7AA86600340C8B /* Build configuration list for PBXProject "PassportOCR" */;
			compatibilityVersion = "Xcode 3.2";
			developmentRegion = English;
			hasScannedForEncodings = 0;
			knownRegions = (
				en,
				Base,
			);
			mainGroup = 8778AF3E1D7AA86600340C8B;
			productRefGroup = 8778AF481D7AA86600340C8B /* Products */;
			projectDirPath = "";
			projectRoot = "";
			targets = (
				8778AF461D7AA86600340C8B /* PassportOCR */,
				87EEF4DA1D7F01F5008FADA0 /* PassportOCRTests */,
			);
		};
/* End PBXProject section */

/* Begin PBXResourcesBuildPhase section */
		8778AF451D7AA86600340C8B /* Resources */ = {
			isa = PBXResourcesBuildPhase;
			buildActionMask = 2147483647;
			files = (
				8778AF551D7AA86600340C8B /* LaunchScreen.storyboard in Resources */,
				8778AF521D7AA86600340C8B /* Assets.xcassets in Resources */,
				8795AC951D7CB4D500B66C38 /* tessdata in Resources */,
				8778AF611D7AAE2A00340C8B /* CameraOverlayViewController.xib in Resources */,
				87EEF4E61D7F07F5008FADA0 /* passportPattern.txt in Resources */,
				8778AF501D7AA86600340C8B /* Main.storyboard in Resources */,
			);
			runOnlyForDeploymentPostprocessing = 0;
		};
		87EEF4D91D7F01F5008FADA0 /* Resources */ = {
			isa = PBXResourcesBuildPhase;
			buildActionMask = 2147483647;
			files = (
			);
			runOnlyForDeploymentPostprocessing = 0;
		};
/* End PBXResourcesBuildPhase section */

/* Begin PBXShellScriptBuildPhase section */
		3262C0B7ABCE3BE1EEC034DB /* Embed Pods Frameworks */ = {
			isa = PBXShellScriptBuildPhase;
			buildActionMask = 2147483647;
			files = (
			);
			inputPaths = (
			);
			name = "Embed Pods Frameworks";
			outputPaths = (
			);
			runOnlyForDeploymentPostprocessing = 0;
			shellPath = /bin/sh;
			shellScript = "\"${SRCROOT}/Pods/Target Support Files/Pods-PassportOCR/Pods-PassportOCR-frameworks.sh\"\n";
			showEnvVarsInLog = 0;
		};
		84E9CE780A7DF5BBE03601C6 /* Check Pods Manifest.lock */ = {
			isa = PBXShellScriptBuildPhase;
			buildActionMask = 2147483647;
			files = (
			);
			inputPaths = (
			);
			name = "Check Pods Manifest.lock";
			outputPaths = (
			);
			runOnlyForDeploymentPostprocessing = 0;
			shellPath = /bin/sh;
			shellScript = "diff \"${PODS_ROOT}/../Podfile.lock\" \"${PODS_ROOT}/Manifest.lock\" > /dev/null\nif [[ $? != 0 ]] ; then\n    cat << EOM\nerror: The sandbox is not in sync with the Podfile.lock. Run 'pod install' or update your CocoaPods installation.\nEOM\n    exit 1\nfi\n";
			showEnvVarsInLog = 0;
		};
		DEE33B134F2BD4D2E40A4484 /* Copy Pods Resources */ = {
			isa = PBXShellScriptBuildPhase;
			buildActionMask = 2147483647;
			files = (
			);
			inputPaths = (
			);
			name = "Copy Pods Resources";
			outputPaths = (
			);
			runOnlyForDeploymentPostprocessing = 0;
			shellPath = /bin/sh;
			shellScript = "\"${SRCROOT}/Pods/Target Support Files/Pods-PassportOCR/Pods-PassportOCR-resources.sh\"\n";
			showEnvVarsInLog = 0;
		};
/* End PBXShellScriptBuildPhase section */

/* Begin PBXSourcesBuildPhase section */
		8778AF431D7AA86600340C8B /* Sources */ = {
			isa = PBXSourcesBuildPhase;
			buildActionMask = 2147483647;
			files = (
				87257A3C1D7E4E2E006B41A5 /* NSTextCheckingResultExtension.swift in Sources */,
				8778AF651D7AB81700340C8B /* Constants.swift in Sources */,
				8778AF5D1D7AAA1200340C8B /* TakePhotoViewController.swift in Sources */,
				8778AF631D7AAE5700340C8B /* OverlayView.swift in Sources */,
				87EEF4D21D7EDB2E008FADA0 /* NSDateExtension.swift in Sources */,
				87EEF4D41D7EF116008FADA0 /* StringExtension.swift in Sources */,
				87198AD41D7DD7B500128C49 /* PassportInfo.swift in Sources */,
				8778AF4B1D7AA86600340C8B /* AppDelegate.swift in Sources */,
				8778AF601D7AAE2A00340C8B /* CameraOverlayViewController.swift in Sources */,
			);
			runOnlyForDeploymentPostprocessing = 0;
		};
		87EEF4D71D7F01F5008FADA0 /* Sources */ = {
			isa = PBXSourcesBuildPhase;
			buildActionMask = 2147483647;
			files = (
				87EEF4DE1D7F01F5008FADA0 /* PassportOCRTests.swift in Sources */,
			);
			runOnlyForDeploymentPostprocessing = 0;
		};
/* End PBXSourcesBuildPhase section */

/* Begin PBXTargetDependency section */
		87EEF4E11D7F01F5008FADA0 /* PBXTargetDependency */ = {
			isa = PBXTargetDependency;
			target = 8778AF461D7AA86600340C8B /* PassportOCR */;
			targetProxy = 87EEF4E01D7F01F5008FADA0 /* PBXContainerItemProxy */;
		};
/* End PBXTargetDependency section */

/* Begin PBXVariantGroup section */
		8778AF4E1D7AA86600340C8B /* Main.storyboard */ = {
			isa = PBXVariantGroup;
			children = (
				8778AF4F1D7AA86600340C8B /* Base */,
			);
			name = Main.storyboard;
			sourceTree = "<group>";
		};
		8778AF531D7AA86600340C8B /* LaunchScreen.storyboard */ = {
			isa = PBXVariantGroup;
			children = (
				8778AF541D7AA86600340C8B /* Base */,
			);
			name = LaunchScreen.storyboard;
			sourceTree = "<group>";
		};
/* End PBXVariantGroup section */

/* Begin XCBuildConfiguration section */
		8778AF571D7AA86600340C8B /* Debug */ = {
			isa = XCBuildConfiguration;
			buildSettings = {
				ALWAYS_SEARCH_USER_PATHS = NO;
				CLANG_ANALYZER_NONNULL = YES;
				CLANG_CXX_LANGUAGE_STANDARD = "gnu++0x";
				CLANG_CXX_LIBRARY = "libc++";
				CLANG_ENABLE_MODULES = YES;
				CLANG_ENABLE_OBJC_ARC = YES;
				CLANG_WARN_BOOL_CONVERSION = YES;
				CLANG_WARN_CONSTANT_CONVERSION = YES;
				CLANG_WARN_DIRECT_OBJC_ISA_USAGE = YES_ERROR;
				CLANG_WARN_EMPTY_BODY = YES;
				CLANG_WARN_ENUM_CONVERSION = YES;
				CLANG_WARN_INT_CONVERSION = YES;
				CLANG_WARN_OBJC_ROOT_CLASS = YES_ERROR;
				CLANG_WARN_UNREACHABLE_CODE = YES;
				CLANG_WARN__DUPLICATE_METHOD_MATCH = YES;
				"CODE_SIGN_IDENTITY[sdk=iphoneos*]" = "iPhone Developer";
				COPY_PHASE_STRIP = NO;
				DEBUG_INFORMATION_FORMAT = dwarf;
				ENABLE_BITCODE = NO;
				ENABLE_STRICT_OBJC_MSGSEND = YES;
				ENABLE_TESTABILITY = YES;
				GCC_C_LANGUAGE_STANDARD = gnu99;
				GCC_DYNAMIC_NO_PIC = NO;
				GCC_NO_COMMON_BLOCKS = YES;
				GCC_OPTIMIZATION_LEVEL = 0;
				GCC_PREPROCESSOR_DEFINITIONS = (
					"DEBUG=1",
					"$(inherited)",
				);
				GCC_WARN_64_TO_32_BIT_CONVERSION = YES;
				GCC_WARN_ABOUT_RETURN_TYPE = YES_ERROR;
				GCC_WARN_UNDECLARED_SELECTOR = YES;
				GCC_WARN_UNINITIALIZED_AUTOS = YES_AGGRESSIVE;
				GCC_WARN_UNUSED_FUNCTION = YES;
				GCC_WARN_UNUSED_VARIABLE = YES;
				IPHONEOS_DEPLOYMENT_TARGET = 9.3;
				MTL_ENABLE_DEBUG_INFO = YES;
				ONLY_ACTIVE_ARCH = YES;
				SDKROOT = iphoneos;
				SWIFT_OPTIMIZATION_LEVEL = "-Onone";
			};
			name = Debug;
		};
		8778AF581D7AA86600340C8B /* Release */ = {
			isa = XCBuildConfiguration;
			buildSettings = {
				ALWAYS_SEARCH_USER_PATHS = NO;
				CLANG_ANALYZER_NONNULL = YES;
				CLANG_CXX_LANGUAGE_STANDARD = "gnu++0x";
				CLANG_CXX_LIBRARY = "libc++";
				CLANG_ENABLE_MODULES = YES;
				CLANG_ENABLE_OBJC_ARC = YES;
				CLANG_WARN_BOOL_CONVERSION = YES;
				CLANG_WARN_CONSTANT_CONVERSION = YES;
				CLANG_WARN_DIRECT_OBJC_ISA_USAGE = YES_ERROR;
				CLANG_WARN_EMPTY_BODY = YES;
				CLANG_WARN_ENUM_CONVERSION = YES;
				CLANG_WARN_INT_CONVERSION = YES;
				CLANG_WARN_OBJC_ROOT_CLASS = YES_ERROR;
				CLANG_WARN_UNREACHABLE_CODE = YES;
				CLANG_WARN__DUPLICATE_METHOD_MATCH = YES;
				"CODE_SIGN_IDENTITY[sdk=iphoneos*]" = "iPhone Developer";
				COPY_PHASE_STRIP = NO;
				DEBUG_INFORMATION_FORMAT = "dwarf-with-dsym";
				ENABLE_BITCODE = NO;
				ENABLE_NS_ASSERTIONS = NO;
				ENABLE_STRICT_OBJC_MSGSEND = YES;
				GCC_C_LANGUAGE_STANDARD = gnu99;
				GCC_NO_COMMON_BLOCKS = YES;
				GCC_WARN_64_TO_32_BIT_CONVERSION = YES;
				GCC_WARN_ABOUT_RETURN_TYPE = YES_ERROR;
				GCC_WARN_UNDECLARED_SELECTOR = YES;
				GCC_WARN_UNINITIALIZED_AUTOS = YES_AGGRESSIVE;
				GCC_WARN_UNUSED_FUNCTION = YES;
				GCC_WARN_UNUSED_VARIABLE = YES;
				IPHONEOS_DEPLOYMENT_TARGET = 9.3;
				MTL_ENABLE_DEBUG_INFO = NO;
				SDKROOT = iphoneos;
				VALIDATE_PRODUCT = YES;
			};
			name = Release;
		};
		8778AF5A1D7AA86600340C8B /* Debug */ = {
			isa = XCBuildConfiguration;
			baseConfigurationReference = 0AFDA4C64AF71248D9E83E40 /* Pods-PassportOCR.debug.xcconfig */;
			buildSettings = {
				ASSETCATALOG_COMPILER_APPICON_NAME = AppIcon;
				CODE_SIGN_IDENTITY = "iPhone Developer";
				"CODE_SIGN_IDENTITY[sdk=iphoneos*]" = "iPhone Developer";
				ENABLE_BITCODE = NO;
				FRAMEWORK_SEARCH_PATHS = (
					"$(inherited)",
					"$(PROJECT_DIR)",
				);
				INFOPLIST_FILE = PassportOCR/Info.plist;
				LD_RUNPATH_SEARCH_PATHS = "$(inherited) @executable_path/Frameworks";
				PRODUCT_BUNDLE_IDENTIFIER = empatika.PassportOCR;
				PRODUCT_NAME = "$(TARGET_NAME)";
				PROVISIONING_PROFILE = "";
			};
			name = Debug;
		};
		8778AF5B1D7AA86600340C8B /* Release */ = {
			isa = XCBuildConfiguration;
			baseConfigurationReference = 5891AE423ACAE5B8458535CE /* Pods-PassportOCR.release.xcconfig */;
			buildSettings = {
				ASSETCATALOG_COMPILER_APPICON_NAME = AppIcon;
				CODE_SIGN_IDENTITY = "iPhone Developer";
				"CODE_SIGN_IDENTITY[sdk=iphoneos*]" = "iPhone Developer";
				ENABLE_BITCODE = NO;
				ENABLE_TESTABILITY = YES;
				FRAMEWORK_SEARCH_PATHS = (
					"$(inherited)",
					"$(PROJECT_DIR)",
				);
				INFOPLIST_FILE = PassportOCR/Info.plist;
				LD_RUNPATH_SEARCH_PATHS = "$(inherited) @executable_path/Frameworks";
				PRODUCT_BUNDLE_IDENTIFIER = empatika.PassportOCR;
				PRODUCT_NAME = "$(TARGET_NAME)";
				PROVISIONING_PROFILE = "";
			};
			name = Release;
		};
		87EEF4E31D7F01F5008FADA0 /* Debug */ = {
			isa = XCBuildConfiguration;
			buildSettings = {
				BUNDLE_LOADER = "$(TEST_HOST)";
				INFOPLIST_FILE = PassportOCRTests/Info.plist;
				LD_RUNPATH_SEARCH_PATHS = "$(inherited) @executable_path/Frameworks @loader_path/Frameworks";
				PRODUCT_BUNDLE_IDENTIFIER = empatika.PassportOCRTests;
				PRODUCT_NAME = "$(TARGET_NAME)";
				TEST_HOST = "$(BUILT_PRODUCTS_DIR)/PassportOCR.app/PassportOCR";
			};
			name = Debug;
		};
		87EEF4E41D7F01F5008FADA0 /* Release */ = {
			isa = XCBuildConfiguration;
			buildSettings = {
				BUNDLE_LOADER = "$(TEST_HOST)";
				INFOPLIST_FILE = PassportOCRTests/Info.plist;
				LD_RUNPATH_SEARCH_PATHS = "$(inherited) @executable_path/Frameworks @loader_path/Frameworks";
				PRODUCT_BUNDLE_IDENTIFIER = empatika.PassportOCRTests;
				PRODUCT_NAME = "$(TARGET_NAME)";
				TEST_HOST = "$(BUILT_PRODUCTS_DIR)/PassportOCR.app/PassportOCR";
			};
			name = Release;
		};
/* End XCBuildConfiguration section */

/* Begin XCConfigurationList section */
		8778AF421D7AA86600340C8B /* Build configuration list for PBXProject "PassportOCR" */ = {
			isa = XCConfigurationList;
			buildConfigurations = (
				8778AF571D7AA86600340C8B /* Debug */,
				8778AF581D7AA86600340C8B /* Release */,
			);
			defaultConfigurationIsVisible = 0;
			defaultConfigurationName = Release;
		};
		8778AF591D7AA86600340C8B /* Build configuration list for PBXNativeTarget "PassportOCR" */ = {
			isa = XCConfigurationList;
			buildConfigurations = (
				8778AF5A1D7AA86600340C8B /* Debug */,
				8778AF5B1D7AA86600340C8B /* Release */,
			);
			defaultConfigurationIsVisible = 0;
			defaultConfigurationName = Release;
		};
		87EEF4E21D7F01F5008FADA0 /* Build configuration list for PBXNativeTarget "PassportOCRTests" */ = {
			isa = XCConfigurationList;
			buildConfigurations = (
				87EEF4E31D7F01F5008FADA0 /* Debug */,
				87EEF4E41D7F01F5008FADA0 /* Release */,
			);
			defaultConfigurationIsVisible = 0;
			defaultConfigurationName = Release;
		};
/* End XCConfigurationList section */
	};
	rootObject = 8778AF3F1D7AA86600340C8B /* Project object */;
}
